
Microsoft Visual Studio Solution File, Format Version 12.00
# Visual Studio 15
VisualStudioVersion = 15.0.27130.0
MinimumVisualStudioVersion = 10.0.40219.1
Project("{FAE04EC0-301F-11D3-BF4B-00C04F79EFBC}") = "Kalk", "Kalk\Kalk.csproj", "{AF479333-6820-4BAD-A831-07400AF73B7B}"
EndProject
Global
	GlobalSection(SolutionConfigurationPlatforms) = preSolution
		Debug|Any CPU = Debug|Any CPU
		Release|Any CPU = Release|Any CPU
	EndGlobalSection
	GlobalSection(ProjectConfigurationPlatforms) = postSolution
		{AF479333-6820-4BAD-A831-07400AF73B7B}.Debug|Any CPU.ActiveCfg = Debug|Any CPU
		{AF479333-6820-4BAD-A831-07400AF73B7B}.Debug|Any CPU.Build.0 = Debug|Any CPU
		{AF479333-6820-4BAD-A831-07400AF73B7B}.Release|Any CPU.ActiveCfg = Release|Any CPU
		{AF479333-6820-4BAD-A831-07400AF73B7B}.Release|Any CPU.Build.0 = Release|Any CPU
	EndGlobalSection
	GlobalSection(SolutionProperties) = preSolution
		HideSolutionNode = FALSE
	EndGlobalSection
	GlobalSection(ExtensibilityGlobals) = postSolution
		SolutionGuid = {7236FF0C-0484-42A7-9527-8325F57C9DF6}
	EndGlobalSection
EndGlobal
